
Microsoft Visual Studio Solution File, Format Version 12.00
# Visual Studio 15
VisualStudioVersion = 15.0.28307.1169
MinimumVisualStudioVersion = 10.0.40219.1
Project("{FAE04EC0-301F-11D3-BF4B-00C04F79EFBC}") = "ContaBancaria", "ContaBancaria\ContaBancaria.csproj", "{EB52B2AE-5275-4333-BBDF-4F4BD52CB566}"
EndProject
Global
	GlobalSection(SolutionConfigurationPlatforms) = preSolution
		Debug|Any CPU = Debug|Any CPU
		Release|Any CPU = Release|Any CPU
	EndGlobalSection
	GlobalSection(ProjectConfigurationPlatforms) = postSolution
		{EB52B2AE-5275-4333-BBDF-4F4BD52CB566}.Debug|Any CPU.ActiveCfg = Debug|Any CPU
		{EB52B2AE-5275-4333-BBDF-4F4BD52CB566}.Debug|Any CPU.Build.0 = Debug|Any CPU
		{EB52B2AE-5275-4333-BBDF-4F4BD52CB566}.Release|Any CPU.ActiveCfg = Release|Any CPU
		{EB52B2AE-5275-4333-BBDF-4F4BD52CB566}.Release|Any CPU.Build.0 = Release|Any CPU
	EndGlobalSection
	GlobalSection(SolutionProperties) = preSolution
		HideSolutionNode = FALSE
	EndGlobalSection
	GlobalSection(ExtensibilityGlobals) = postSolution
		SolutionGuid = {3D5818A5-1022-42E4-85FD-078038179E0D}
	EndGlobalSection
EndGlobal
