
Microsoft Visual Studio Solution File, Format Version 12.00
# Visual Studio 15
VisualStudioVersion = 15.0.28307.1169
MinimumVisualStudioVersion = 10.0.40219.1
Project("{FAE04EC0-301F-11D3-BF4B-00C04F79EFBC}") = "PrintService", "PrintService\PrintService.csproj", "{3C2B01F1-99B6-4B0D-BD26-61E21261AD5D}"
EndProject
Global
	GlobalSection(SolutionConfigurationPlatforms) = preSolution
		Debug|Any CPU = Debug|Any CPU
		Release|Any CPU = Release|Any CPU
	EndGlobalSection
	GlobalSection(ProjectConfigurationPlatforms) = postSolution
		{3C2B01F1-99B6-4B0D-BD26-61E21261AD5D}.Debug|Any CPU.ActiveCfg = Debug|Any CPU
		{3C2B01F1-99B6-4B0D-BD26-61E21261AD5D}.Debug|Any CPU.Build.0 = Debug|Any CPU
		{3C2B01F1-99B6-4B0D-BD26-61E21261AD5D}.Release|Any CPU.ActiveCfg = Release|Any CPU
		{3C2B01F1-99B6-4B0D-BD26-61E21261AD5D}.Release|Any CPU.Build.0 = Release|Any CPU
	EndGlobalSection
	GlobalSection(SolutionProperties) = preSolution
		HideSolutionNode = FALSE
	EndGlobalSection
	GlobalSection(ExtensibilityGlobals) = postSolution
		SolutionGuid = {F22DF53E-136D-4097-8F2E-56B654E2691D}
	EndGlobalSection
EndGlobal
